// !$*UTF8*$!
{
	archiveVersion = 1;
	classes = {
	};
	objectVersion = 55;
	objects = {

/* Begin PBXBuildFile section */
		1C08622528CDEDEA007B7932 /* PlayfairDisplay-Bold.ttf in Resources */ = {isa = PBXBuildFile; fileRef = 1C08622328CDEDEA007B7932 /* PlayfairDisplay-Bold.ttf */; };
		1C08622628CDEDEA007B7932 /* PlayfairDisplay-Regular.ttf in Resources */ = {isa = PBXBuildFile; fileRef = 1C08622428CDEDEA007B7932 /* PlayfairDisplay-Regular.ttf */; };
		1C08622B28CDF627007B7932 /* FontManager.swift in Sources */ = {isa = PBXBuildFile; fileRef = 1C08622A28CDF627007B7932 /* FontManager.swift */; };
		5363EA6228D32A6E00F41B1C /* AddPostViews.swift in Sources */ = {isa = PBXBuildFile; fileRef = 5363EA6128D32A6E00F41B1C /* AddPostViews.swift */; };
		5363EA6628D32BA600F41B1C /* PostCardRowView.swift in Sources */ = {isa = PBXBuildFile; fileRef = 5363EA6528D32BA600F41B1C /* PostCardRowView.swift */; };
		5363EA6F28D32E8F00F41B1C /* CommentRowView.swift in Sources */ = {isa = PBXBuildFile; fileRef = 5363EA6E28D32E8F00F41B1C /* CommentRowView.swift */; };
		5363EA7128D3305400F41B1C /* PostListView.swift in Sources */ = {isa = PBXBuildFile; fileRef = 5363EA7028D3305400F41B1C /* PostListView.swift */; };
		5363EA7328D3306900F41B1C /* PostDetailView.swift in Sources */ = {isa = PBXBuildFile; fileRef = 5363EA7228D3306900F41B1C /* PostDetailView.swift */; };
		842EC48828C9CF6E002854E2 /* AuthViewModel.swift in Sources */ = {isa = PBXBuildFile; fileRef = 842EC48728C9CF6E002854E2 /* AuthViewModel.swift */; };
		843F8EAD28D0A6D60068DE9E /* AllRatingView.swift in Sources */ = {isa = PBXBuildFile; fileRef = 843F8EAC28D0A6D60068DE9E /* AllRatingView.swift */; };
		843F8EAF28D0A7150068DE9E /* RatingRowView.swift in Sources */ = {isa = PBXBuildFile; fileRef = 843F8EAE28D0A7150068DE9E /* RatingRowView.swift */; };
		843F8EB128D0A73D0068DE9E /* AddRatingView.swift in Sources */ = {isa = PBXBuildFile; fileRef = 843F8EB028D0A73D0068DE9E /* AddRatingView.swift */; };
		843F8EB328D0A7720068DE9E /* RatingStarsView.swift in Sources */ = {isa = PBXBuildFile; fileRef = 843F8EB228D0A7720068DE9E /* RatingStarsView.swift */; };
		843F8EB528D0A7840068DE9E /* StarsView.swift in Sources */ = {isa = PBXBuildFile; fileRef = 843F8EB428D0A7840068DE9E /* StarsView.swift */; };
		843F8EB728D0A7DF0068DE9E /* PreviewRatingView.swift in Sources */ = {isa = PBXBuildFile; fileRef = 843F8EB628D0A7DF0068DE9E /* PreviewRatingView.swift */; };
		84F137ED28D345FF0070B1B0 /* CategoryViewModel.swift in Sources */ = {isa = PBXBuildFile; fileRef = 84F137EC28D345FF0070B1B0 /* CategoryViewModel.swift */; };
		84F137EF28D3576D0070B1B0 /* PostCommentViewModel.swift in Sources */ = {isa = PBXBuildFile; fileRef = 84F137EE28D3576D0070B1B0 /* PostCommentViewModel.swift */; };
		9F203C9E28C763680028A07F /* HomeView.swift in Sources */ = {isa = PBXBuildFile; fileRef = 9F203C9D28C763680028A07F /* HomeView.swift */; };
		9F203CA028C9B75B0028A07F /* SplashView.swift in Sources */ = {isa = PBXBuildFile; fileRef = 9F203C9F28C9B75B0028A07F /* SplashView.swift */; };
		9F203CA228C9B7EB0028A07F /* LottieView.swift in Sources */ = {isa = PBXBuildFile; fileRef = 9F203CA128C9B7EB0028A07F /* LottieView.swift */; };
		9F203CA428C9BB610028A07F /* splash.json in Resources */ = {isa = PBXBuildFile; fileRef = 9F203CA328C9BB610028A07F /* splash.json */; };
		9F203CA728C9BDB80028A07F /* ColorConstants.swift in Sources */ = {isa = PBXBuildFile; fileRef = 9F203CA628C9BDB80028A07F /* ColorConstants.swift */; };
		9F203CA928C9C10B0028A07F /* team.json in Resources */ = {isa = PBXBuildFile; fileRef = 9F203CA828C9C10B0028A07F /* team.json */; };
		9F203CAB28C9C2B50028A07F /* social.json in Resources */ = {isa = PBXBuildFile; fileRef = 9F203CAA28C9C2B50028A07F /* social.json */; };
		9F203CAD28C9C81F0028A07F /* rating.json in Resources */ = {isa = PBXBuildFile; fileRef = 9F203CAC28C9C81F0028A07F /* rating.json */; };
		9FB4982628CF6A7200E1E8D9 /* ToastViewModifier.swift in Sources */ = {isa = PBXBuildFile; fileRef = 9FB4982528CF6A7200E1E8D9 /* ToastViewModifier.swift */; };
		A027100028CB883A00B21397 /* GameRowView.swift in Sources */ = {isa = PBXBuildFile; fileRef = A0270FFF28CB883A00B21397 /* GameRowView.swift */; };
		A027100228CB927200B21397 /* GameListView.swift in Sources */ = {isa = PBXBuildFile; fileRef = A027100128CB927200B21397 /* GameListView.swift */; };
		A027100428CB981800B21397 /* LoginSignupView.swift in Sources */ = {isa = PBXBuildFile; fileRef = A027100328CB981800B21397 /* LoginSignupView.swift */; };
		A040CA6C28CDFBD100F5D22F /* AboutGame.swift in Sources */ = {isa = PBXBuildFile; fileRef = A040CA6B28CDFBD100F5D22F /* AboutGame.swift */; };
		A06C0C6D28CC809600AF4871 /* GameInfo.swift in Sources */ = {isa = PBXBuildFile; fileRef = A06C0C6C28CC809600AF4871 /* GameInfo.swift */; };
		A073E4F128C900F800166899 /* Category.swift in Sources */ = {isa = PBXBuildFile; fileRef = A073E4F028C900F800166899 /* Category.swift */; };
		A073E4F428C902F200166899 /* Lottie in Frameworks */ = {isa = PBXBuildFile; productRef = A073E4F328C902F200166899 /* Lottie */; };
		A073E4F728C903A100166899 /* OnboardingView.swift in Sources */ = {isa = PBXBuildFile; fileRef = A073E4F628C903A100166899 /* OnboardingView.swift */; };
		A08B51A828CBB3F5005E6142 /* GameCardView.swift in Sources */ = {isa = PBXBuildFile; fileRef = A08B51A728CBB3F4005E6142 /* GameCardView.swift */; };
		A092255C28CFAD60007EE91C /* GameRatingViewModel.swift in Sources */ = {isa = PBXBuildFile; fileRef = A092255B28CFAD60007EE91C /* GameRatingViewModel.swift */; };
		A0A8ED0828C63DF200A6C13D /* G4RumApp.swift in Sources */ = {isa = PBXBuildFile; fileRef = A0A8ED0728C63DF200A6C13D /* G4RumApp.swift */; };
		A0A8ED0A28C63DF200A6C13D /* ContentView.swift in Sources */ = {isa = PBXBuildFile; fileRef = A0A8ED0928C63DF200A6C13D /* ContentView.swift */; };
		A0A8ED0C28C63DF700A6C13D /* Assets.xcassets in Resources */ = {isa = PBXBuildFile; fileRef = A0A8ED0B28C63DF700A6C13D /* Assets.xcassets */; };
		A0A8ED0F28C63DF700A6C13D /* Preview Assets.xcassets in Resources */ = {isa = PBXBuildFile; fileRef = A0A8ED0E28C63DF700A6C13D /* Preview Assets.xcassets */; };
		A0A8ED1628C6438D00A6C13D /* GoogleService-Info.plist in Resources */ = {isa = PBXBuildFile; fileRef = A0A8ED1528C6438D00A6C13D /* GoogleService-Info.plist */; };
		A0A8ED1928C6478B00A6C13D /* FirebaseAuth in Frameworks */ = {isa = PBXBuildFile; productRef = A0A8ED1828C6478B00A6C13D /* FirebaseAuth */; };
		A0A8ED1B28C6478B00A6C13D /* FirebaseFirestore in Frameworks */ = {isa = PBXBuildFile; productRef = A0A8ED1A28C6478B00A6C13D /* FirebaseFirestore */; };
		A0A8ED1D28C6478B00A6C13D /* FirebaseFirestoreSwift in Frameworks */ = {isa = PBXBuildFile; productRef = A0A8ED1C28C6478B00A6C13D /* FirebaseFirestoreSwift */; };
		A0DE29A828CEE4D700AC7E3E /* PostViewModel.swift in Sources */ = {isa = PBXBuildFile; fileRef = A0DE29A728CEE4D700AC7E3E /* PostViewModel.swift */; };
		A0E8C8FC28C738B700E0389D /* Comment.swift in Sources */ = {isa = PBXBuildFile; fileRef = A0E8C8FB28C738B700E0389D /* Comment.swift */; };
		A0E8C8FE28C7497E00E0389D /* Post.swift in Sources */ = {isa = PBXBuildFile; fileRef = A0E8C8FD28C7497E00E0389D /* Post.swift */; };
		A0E8C90028C7557400E0389D /* User.swift in Sources */ = {isa = PBXBuildFile; fileRef = A0E8C8FF28C7557400E0389D /* User.swift */; };
		A0EFECCE28C7091700801BFD /* Game.swift in Sources */ = {isa = PBXBuildFile; fileRef = A0EFECCD28C7091700801BFD /* Game.swift */; };
		A0FA0D3928C7A8E800AC09EA /* GameViewModel.swift in Sources */ = {isa = PBXBuildFile; fileRef = A0FA0D3828C7A8E800AC09EA /* GameViewModel.swift */; };
/* End PBXBuildFile section */

/* Begin PBXFileReference section */
		1C08622328CDEDEA007B7932 /* PlayfairDisplay-Bold.ttf */ = {isa = PBXFileReference; lastKnownFileType = file; path = "PlayfairDisplay-Bold.ttf"; sourceTree = "<group>"; };
		1C08622428CDEDEA007B7932 /* PlayfairDisplay-Regular.ttf */ = {isa = PBXFileReference; lastKnownFileType = file; path = "PlayfairDisplay-Regular.ttf"; sourceTree = "<group>"; };
		1C08622728CDF3CD007B7932 /* Info.plist */ = {isa = PBXFileReference; lastKnownFileType = text.plist; path = Info.plist; sourceTree = "<group>"; };
		1C08622A28CDF627007B7932 /* FontManager.swift */ = {isa = PBXFileReference; lastKnownFileType = sourcecode.swift; path = FontManager.swift; sourceTree = "<group>"; };
		5363EA6128D32A6E00F41B1C /* AddPostViews.swift */ = {isa = PBXFileReference; lastKnownFileType = sourcecode.swift; path = AddPostViews.swift; sourceTree = "<group>"; };
		5363EA6528D32BA600F41B1C /* PostCardRowView.swift */ = {isa = PBXFileReference; lastKnownFileType = sourcecode.swift; path = PostCardRowView.swift; sourceTree = "<group>"; };
		5363EA6E28D32E8F00F41B1C /* CommentRowView.swift */ = {isa = PBXFileReference; lastKnownFileType = sourcecode.swift; path = CommentRowView.swift; sourceTree = "<group>"; };
		5363EA7028D3305400F41B1C /* PostListView.swift */ = {isa = PBXFileReference; lastKnownFileType = sourcecode.swift; path = PostListView.swift; sourceTree = "<group>"; };
		5363EA7228D3306900F41B1C /* PostDetailView.swift */ = {isa = PBXFileReference; lastKnownFileType = sourcecode.swift; path = PostDetailView.swift; sourceTree = "<group>"; };
		842EC48728C9CF6E002854E2 /* AuthViewModel.swift */ = {isa = PBXFileReference; lastKnownFileType = sourcecode.swift; path = AuthViewModel.swift; sourceTree = "<group>"; };
		843F8EAC28D0A6D60068DE9E /* AllRatingView.swift */ = {isa = PBXFileReference; lastKnownFileType = sourcecode.swift; path = AllRatingView.swift; sourceTree = "<group>"; };
		843F8EAE28D0A7150068DE9E /* RatingRowView.swift */ = {isa = PBXFileReference; lastKnownFileType = sourcecode.swift; path = RatingRowView.swift; sourceTree = "<group>"; };
		843F8EB028D0A73D0068DE9E /* AddRatingView.swift */ = {isa = PBXFileReference; lastKnownFileType = sourcecode.swift; path = AddRatingView.swift; sourceTree = "<group>"; };
		843F8EB228D0A7720068DE9E /* RatingStarsView.swift */ = {isa = PBXFileReference; lastKnownFileType = sourcecode.swift; path = RatingStarsView.swift; sourceTree = "<group>"; };
		843F8EB428D0A7840068DE9E /* StarsView.swift */ = {isa = PBXFileReference; lastKnownFileType = sourcecode.swift; path = StarsView.swift; sourceTree = "<group>"; };
		843F8EB628D0A7DF0068DE9E /* PreviewRatingView.swift */ = {isa = PBXFileReference; lastKnownFileType = sourcecode.swift; path = PreviewRatingView.swift; sourceTree = "<group>"; };
		84F137EC28D345FF0070B1B0 /* CategoryViewModel.swift */ = {isa = PBXFileReference; lastKnownFileType = sourcecode.swift; path = CategoryViewModel.swift; sourceTree = "<group>"; };
		84F137EE28D3576D0070B1B0 /* PostCommentViewModel.swift */ = {isa = PBXFileReference; lastKnownFileType = sourcecode.swift; path = PostCommentViewModel.swift; sourceTree = "<group>"; };
		9F203C9D28C763680028A07F /* HomeView.swift */ = {isa = PBXFileReference; lastKnownFileType = sourcecode.swift; name = HomeView.swift; path = G4Rum/Views/HomeViews/HomeView.swift; sourceTree = SOURCE_ROOT; };
		9F203C9F28C9B75B0028A07F /* SplashView.swift */ = {isa = PBXFileReference; lastKnownFileType = sourcecode.swift; path = SplashView.swift; sourceTree = "<group>"; };
		9F203CA128C9B7EB0028A07F /* LottieView.swift */ = {isa = PBXFileReference; lastKnownFileType = sourcecode.swift; name = LottieView.swift; path = G4Rum/Views/LottieView.swift; sourceTree = SOURCE_ROOT; };
		9F203CA328C9BB610028A07F /* splash.json */ = {isa = PBXFileReference; fileEncoding = 4; lastKnownFileType = text.json; path = splash.json; sourceTree = "<group>"; };
		9F203CA628C9BDB80028A07F /* ColorConstants.swift */ = {isa = PBXFileReference; lastKnownFileType = sourcecode.swift; path = ColorConstants.swift; sourceTree = "<group>"; };
		9F203CA828C9C10B0028A07F /* team.json */ = {isa = PBXFileReference; fileEncoding = 4; lastKnownFileType = text.json; path = team.json; sourceTree = "<group>"; };
		9F203CAA28C9C2B50028A07F /* social.json */ = {isa = PBXFileReference; fileEncoding = 4; lastKnownFileType = text.json; path = social.json; sourceTree = "<group>"; };
		9F203CAC28C9C81F0028A07F /* rating.json */ = {isa = PBXFileReference; fileEncoding = 4; lastKnownFileType = text.json; path = rating.json; sourceTree = "<group>"; };
		9FB4982528CF6A7200E1E8D9 /* ToastViewModifier.swift */ = {isa = PBXFileReference; lastKnownFileType = sourcecode.swift; path = ToastViewModifier.swift; sourceTree = "<group>"; };
		A0270FFF28CB883A00B21397 /* GameRowView.swift */ = {isa = PBXFileReference; lastKnownFileType = sourcecode.swift; path = GameRowView.swift; sourceTree = "<group>"; };
		A027100128CB927200B21397 /* GameListView.swift */ = {isa = PBXFileReference; lastKnownFileType = sourcecode.swift; path = GameListView.swift; sourceTree = "<group>"; };
		A027100328CB981800B21397 /* LoginSignupView.swift */ = {isa = PBXFileReference; lastKnownFileType = sourcecode.swift; path = LoginSignupView.swift; sourceTree = "<group>"; };
		A040CA6B28CDFBD100F5D22F /* AboutGame.swift */ = {isa = PBXFileReference; lastKnownFileType = sourcecode.swift; path = AboutGame.swift; sourceTree = "<group>"; };
		A06C0C6C28CC809600AF4871 /* GameInfo.swift */ = {isa = PBXFileReference; lastKnownFileType = sourcecode.swift; path = GameInfo.swift; sourceTree = "<group>"; };
		A073E4F028C900F800166899 /* Category.swift */ = {isa = PBXFileReference; lastKnownFileType = sourcecode.swift; path = Category.swift; sourceTree = "<group>"; };
		A073E4F628C903A100166899 /* OnboardingView.swift */ = {isa = PBXFileReference; lastKnownFileType = sourcecode.swift; path = OnboardingView.swift; sourceTree = "<group>"; };
		A08B51A728CBB3F4005E6142 /* GameCardView.swift */ = {isa = PBXFileReference; lastKnownFileType = sourcecode.swift; path = GameCardView.swift; sourceTree = "<group>"; };
		A092255B28CFAD60007EE91C /* GameRatingViewModel.swift */ = {isa = PBXFileReference; lastKnownFileType = sourcecode.swift; path = GameRatingViewModel.swift; sourceTree = "<group>"; };
		A0A8ED0428C63DF200A6C13D /* G4Rum.app */ = {isa = PBXFileReference; explicitFileType = wrapper.application; includeInIndex = 0; path = G4Rum.app; sourceTree = BUILT_PRODUCTS_DIR; };
		A0A8ED0728C63DF200A6C13D /* G4RumApp.swift */ = {isa = PBXFileReference; lastKnownFileType = sourcecode.swift; path = G4RumApp.swift; sourceTree = "<group>"; };
		A0A8ED0928C63DF200A6C13D /* ContentView.swift */ = {isa = PBXFileReference; lastKnownFileType = sourcecode.swift; path = ContentView.swift; sourceTree = "<group>"; };
		A0A8ED0B28C63DF700A6C13D /* Assets.xcassets */ = {isa = PBXFileReference; lastKnownFileType = folder.assetcatalog; path = Assets.xcassets; sourceTree = "<group>"; };
		A0A8ED0E28C63DF700A6C13D /* Preview Assets.xcassets */ = {isa = PBXFileReference; lastKnownFileType = folder.assetcatalog; path = "Preview Assets.xcassets"; sourceTree = "<group>"; };
		A0A8ED1528C6438D00A6C13D /* GoogleService-Info.plist */ = {isa = PBXFileReference; fileEncoding = 4; lastKnownFileType = text.plist.xml; path = "GoogleService-Info.plist"; sourceTree = "<group>"; };
		A0DE29A728CEE4D700AC7E3E /* PostViewModel.swift */ = {isa = PBXFileReference; lastKnownFileType = sourcecode.swift; path = PostViewModel.swift; sourceTree = "<group>"; };
		A0E8C8FB28C738B700E0389D /* Comment.swift */ = {isa = PBXFileReference; lastKnownFileType = sourcecode.swift; path = Comment.swift; sourceTree = "<group>"; };
		A0E8C8FD28C7497E00E0389D /* Post.swift */ = {isa = PBXFileReference; lastKnownFileType = sourcecode.swift; path = Post.swift; sourceTree = "<group>"; };
		A0E8C8FF28C7557400E0389D /* User.swift */ = {isa = PBXFileReference; lastKnownFileType = sourcecode.swift; path = User.swift; sourceTree = "<group>"; };
		A0EFECCD28C7091700801BFD /* Game.swift */ = {isa = PBXFileReference; lastKnownFileType = sourcecode.swift; path = Game.swift; sourceTree = "<group>"; };
		A0FA0D3828C7A8E800AC09EA /* GameViewModel.swift */ = {isa = PBXFileReference; lastKnownFileType = sourcecode.swift; path = GameViewModel.swift; sourceTree = "<group>"; };
/* End PBXFileReference section */

/* Begin PBXFrameworksBuildPhase section */
		A0A8ED0128C63DF200A6C13D /* Frameworks */ = {
			isa = PBXFrameworksBuildPhase;
			buildActionMask = 2147483647;
			files = (
				A0A8ED1928C6478B00A6C13D /* FirebaseAuth in Frameworks */,
				A0A8ED1B28C6478B00A6C13D /* FirebaseFirestore in Frameworks */,
				A0A8ED1D28C6478B00A6C13D /* FirebaseFirestoreSwift in Frameworks */,
				A073E4F428C902F200166899 /* Lottie in Frameworks */,
			);
			runOnlyForDeploymentPostprocessing = 0;
		};
/* End PBXFrameworksBuildPhase section */

/* Begin PBXGroup section */
		1C08622228CDEDEA007B7932 /* Fonts */ = {
			isa = PBXGroup;
			children = (
				1C08622328CDEDEA007B7932 /* PlayfairDisplay-Bold.ttf */,
				1C08622428CDEDEA007B7932 /* PlayfairDisplay-Regular.ttf */,
			);
			path = Fonts;
			sourceTree = "<group>";
		};
		5363EA5E28D329CA00F41B1C /* ForumViews */ = {
			isa = PBXGroup;
			children = (
				5363EA6128D32A6E00F41B1C /* AddPostViews.swift */,
				5363EA6528D32BA600F41B1C /* PostCardRowView.swift */,
				5363EA6E28D32E8F00F41B1C /* CommentRowView.swift */,
				5363EA7028D3305400F41B1C /* PostListView.swift */,
				5363EA7228D3306900F41B1C /* PostDetailView.swift */,
			);
			path = ForumViews;
			sourceTree = "<group>";
		};
		843F8EAB28D0A6A40068DE9E /* RatingViews */ = {
			isa = PBXGroup;
			children = (
				843F8EAC28D0A6D60068DE9E /* AllRatingView.swift */,
				843F8EAE28D0A7150068DE9E /* RatingRowView.swift */,
				843F8EB028D0A73D0068DE9E /* AddRatingView.swift */,
				843F8EB228D0A7720068DE9E /* RatingStarsView.swift */,
				843F8EB428D0A7840068DE9E /* StarsView.swift */,
				843F8EB628D0A7DF0068DE9E /* PreviewRatingView.swift */,
			);
			path = RatingViews;
			sourceTree = "<group>";
		};
		9F203CA528C9BDA40028A07F /* ColorConstants */ = {
			isa = PBXGroup;
			children = (
				9F203CA628C9BDB80028A07F /* ColorConstants.swift */,
			);
			path = ColorConstants;
			sourceTree = "<group>";
		};
		9FB4982428CF6A4500E1E8D9 /* Toast */ = {
			isa = PBXGroup;
			children = (
				9FB4982528CF6A7200E1E8D9 /* ToastViewModifier.swift */,
			);
			path = Toast;
			sourceTree = "<group>";
		};
		A0270FFB28CB850700B21397 /* GameViews */ = {
			isa = PBXGroup;
			children = (
				A06C0C6B28CC7BBC00AF4871 /* Info */,
				A0270FFF28CB883A00B21397 /* GameRowView.swift */,
				A027100128CB927200B21397 /* GameListView.swift */,
				A08B51A728CBB3F4005E6142 /* GameCardView.swift */,
			);
			path = GameViews;
			sourceTree = "<group>";
		};
		A0270FFC28CB851900B21397 /* AuthView */ = {
			isa = PBXGroup;
			children = (
				A027100328CB981800B21397 /* LoginSignupView.swift */,
			);
			path = AuthView;
			sourceTree = "<group>";
		};
		A0270FFD28CB852200B21397 /* WelcomeViews */ = {
			isa = PBXGroup;
			children = (
				9F203C9F28C9B75B0028A07F /* SplashView.swift */,
				A073E4F628C903A100166899 /* OnboardingView.swift */,
			);
			path = WelcomeViews;
			sourceTree = "<group>";
		};
		A0270FFE28CB852B00B21397 /* HomeViews */ = {
			isa = PBXGroup;
			children = (
				9F203C9D28C763680028A07F /* HomeView.swift */,
			);
			path = HomeViews;
			sourceTree = "<group>";
		};
		A06C0C6B28CC7BBC00AF4871 /* Info */ = {
			isa = PBXGroup;
			children = (
				843F8EAB28D0A6A40068DE9E /* RatingViews */,
				A06C0C6C28CC809600AF4871 /* GameInfo.swift */,
				A040CA6B28CDFBD100F5D22F /* AboutGame.swift */,
			);
			path = Info;
			sourceTree = "<group>";
		};
		A073E4F528C9038000166899 /* Lottie */ = {
			isa = PBXGroup;
			children = (
				9F203CAC28C9C81F0028A07F /* rating.json */,
				9F203CAA28C9C2B50028A07F /* social.json */,
				9F203CA828C9C10B0028A07F /* team.json */,
				9F203CA328C9BB610028A07F /* splash.json */,
				9F203CA128C9B7EB0028A07F /* LottieView.swift */,
			);
			path = Lottie;
			sourceTree = "<group>";
		};
		A080D2D328C86866002B70D6 /* Views */ = {
			isa = PBXGroup;
			children = (
				5363EA5E28D329CA00F41B1C /* ForumViews */,
				9FB4982428CF6A4500E1E8D9 /* Toast */,
				A0270FFE28CB852B00B21397 /* HomeViews */,
				A0270FFD28CB852200B21397 /* WelcomeViews */,
				A0270FFC28CB851900B21397 /* AuthView */,
				A0270FFB28CB850700B21397 /* GameViews */,
			);
			path = Views;
			sourceTree = "<group>";
		};
		A0A8ECFB28C63DF200A6C13D = {
			isa = PBXGroup;
			children = (
				A0A8ED0628C63DF200A6C13D /* G4Rum */,
				A0A8ED0528C63DF200A6C13D /* Products */,
			);
			sourceTree = "<group>";
		};
		A0A8ED0528C63DF200A6C13D /* Products */ = {
			isa = PBXGroup;
			children = (
				A0A8ED0428C63DF200A6C13D /* G4Rum.app */,
			);
			name = Products;
			sourceTree = "<group>";
		};
		A0A8ED0628C63DF200A6C13D /* G4Rum */ = {
			isa = PBXGroup;
			children = (
				1C08622728CDF3CD007B7932 /* Info.plist */,
				1C08622228CDEDEA007B7932 /* Fonts */,
				9F203CA528C9BDA40028A07F /* ColorConstants */,
				A073E4F528C9038000166899 /* Lottie */,
				A080D2D328C86866002B70D6 /* Views */,
				A0A8ED1F28C647F000A6C13D /* ViewModels */,
				A0A8ED1E28C647EA00A6C13D /* Models */,
				A0A8ED1528C6438D00A6C13D /* GoogleService-Info.plist */,
				A0A8ED0728C63DF200A6C13D /* G4RumApp.swift */,
				A0A8ED0928C63DF200A6C13D /* ContentView.swift */,
				A0A8ED0B28C63DF700A6C13D /* Assets.xcassets */,
				A0A8ED0D28C63DF700A6C13D /* Preview Content */,
			);
			path = G4Rum;
			sourceTree = "<group>";
		};
		A0A8ED0D28C63DF700A6C13D /* Preview Content */ = {
			isa = PBXGroup;
			children = (
				A0A8ED0E28C63DF700A6C13D /* Preview Assets.xcassets */,
			);
			path = "Preview Content";
			sourceTree = "<group>";
		};
		A0A8ED1E28C647EA00A6C13D /* Models */ = {
			isa = PBXGroup;
			children = (
				A0EFECCD28C7091700801BFD /* Game.swift */,
				A0E8C8FB28C738B700E0389D /* Comment.swift */,
				A0E8C8FD28C7497E00E0389D /* Post.swift */,
				A0E8C8FF28C7557400E0389D /* User.swift */,
				A073E4F028C900F800166899 /* Category.swift */,
				1C08622A28CDF627007B7932 /* FontManager.swift */,
			);
			path = Models;
			sourceTree = "<group>";
		};
		A0A8ED1F28C647F000A6C13D /* ViewModels */ = {
			isa = PBXGroup;
			children = (
				A0FA0D3828C7A8E800AC09EA /* GameViewModel.swift */,
				842EC48728C9CF6E002854E2 /* AuthViewModel.swift */,
				A0DE29A728CEE4D700AC7E3E /* PostViewModel.swift */,
				A092255B28CFAD60007EE91C /* GameRatingViewModel.swift */,
				84F137EC28D345FF0070B1B0 /* CategoryViewModel.swift */,
				84F137EE28D3576D0070B1B0 /* PostCommentViewModel.swift */,
			);
			path = ViewModels;
			sourceTree = "<group>";
		};
/* End PBXGroup section */

/* Begin PBXNativeTarget section */
		A0A8ED0328C63DF200A6C13D /* G4Rum */ = {
			isa = PBXNativeTarget;
			buildConfigurationList = A0A8ED1228C63DF700A6C13D /* Build configuration list for PBXNativeTarget "G4Rum" */;
			buildPhases = (
				A0A8ED0028C63DF200A6C13D /* Sources */,
				A0A8ED0128C63DF200A6C13D /* Frameworks */,
				A0A8ED0228C63DF200A6C13D /* Resources */,
			);
			buildRules = (
			);
			dependencies = (
			);
			name = G4Rum;
			packageProductDependencies = (
				A0A8ED1828C6478B00A6C13D /* FirebaseAuth */,
				A0A8ED1A28C6478B00A6C13D /* FirebaseFirestore */,
				A0A8ED1C28C6478B00A6C13D /* FirebaseFirestoreSwift */,
				A073E4F328C902F200166899 /* Lottie */,
			);
			productName = G4Rum;
			productReference = A0A8ED0428C63DF200A6C13D /* G4Rum.app */;
			productType = "com.apple.product-type.application";
		};
/* End PBXNativeTarget section */

/* Begin PBXProject section */
		A0A8ECFC28C63DF200A6C13D /* Project object */ = {
			isa = PBXProject;
			attributes = {
				BuildIndependentTargetsInParallel = 1;
				LastSwiftUpdateCheck = 1340;
				LastUpgradeCheck = 1340;
				TargetAttributes = {
					A0A8ED0328C63DF200A6C13D = {
						CreatedOnToolsVersion = 13.4.1;
					};
				};
			};
			buildConfigurationList = A0A8ECFF28C63DF200A6C13D /* Build configuration list for PBXProject "G4Rum" */;
			compatibilityVersion = "Xcode 13.0";
			developmentRegion = en;
			hasScannedForEncodings = 0;
			knownRegions = (
				en,
				Base,
			);
			mainGroup = A0A8ECFB28C63DF200A6C13D;
			packageReferences = (
				A0A8ED1728C6478B00A6C13D /* XCRemoteSwiftPackageReference "firebase-ios-sdk" */,
				A073E4F228C902F200166899 /* XCRemoteSwiftPackageReference "lottie-ios" */,
			);
			productRefGroup = A0A8ED0528C63DF200A6C13D /* Products */;
			projectDirPath = "";
			projectRoot = "";
			targets = (
				A0A8ED0328C63DF200A6C13D /* G4Rum */,
			);
		};
/* End PBXProject section */

/* Begin PBXResourcesBuildPhase section */
		A0A8ED0228C63DF200A6C13D /* Resources */ = {
			isa = PBXResourcesBuildPhase;
			buildActionMask = 2147483647;
			files = (
				1C08622528CDEDEA007B7932 /* PlayfairDisplay-Bold.ttf in Resources */,
				9F203CAB28C9C2B50028A07F /* social.json in Resources */,
				1C08622628CDEDEA007B7932 /* PlayfairDisplay-Regular.ttf in Resources */,
				A0A8ED0F28C63DF700A6C13D /* Preview Assets.xcassets in Resources */,
				A0A8ED0C28C63DF700A6C13D /* Assets.xcassets in Resources */,
				9F203CAD28C9C81F0028A07F /* rating.json in Resources */,
				9F203CA928C9C10B0028A07F /* team.json in Resources */,
				9F203CA428C9BB610028A07F /* splash.json in Resources */,
				A0A8ED1628C6438D00A6C13D /* GoogleService-Info.plist in Resources */,
			);
			runOnlyForDeploymentPostprocessing = 0;
		};
/* End PBXResourcesBuildPhase section */

/* Begin PBXSourcesBuildPhase section */
		A0A8ED0028C63DF200A6C13D /* Sources */ = {
			isa = PBXSourcesBuildPhase;
			buildActionMask = 2147483647;
			files = (
				5363EA6F28D32E8F00F41B1C /* CommentRowView.swift in Sources */,
				A0DE29A828CEE4D700AC7E3E /* PostViewModel.swift in Sources */,
				A0FA0D3928C7A8E800AC09EA /* GameViewModel.swift in Sources */,
				A08B51A828CBB3F5005E6142 /* GameCardView.swift in Sources */,
				A040CA6C28CDFBD100F5D22F /* AboutGame.swift in Sources */,
				843F8EAD28D0A6D60068DE9E /* AllRatingView.swift in Sources */,
				A073E4F128C900F800166899 /* Category.swift in Sources */,
				A0A8ED0A28C63DF200A6C13D /* ContentView.swift in Sources */,
				A0EFECCE28C7091700801BFD /* Game.swift in Sources */,
				A0E8C90028C7557400E0389D /* User.swift in Sources */,
				A027100428CB981800B21397 /* LoginSignupView.swift in Sources */,
				9FB4982628CF6A7200E1E8D9 /* ToastViewModifier.swift in Sources */,
				842EC48828C9CF6E002854E2 /* AuthViewModel.swift in Sources */,
				A06C0C6D28CC809600AF4871 /* GameInfo.swift in Sources */,
				9F203CA028C9B75B0028A07F /* SplashView.swift in Sources */,
				1C08622B28CDF627007B7932 /* FontManager.swift in Sources */,
				84F137ED28D345FF0070B1B0 /* CategoryViewModel.swift in Sources */,
				843F8EB528D0A7840068DE9E /* StarsView.swift in Sources */,
				A0A8ED0828C63DF200A6C13D /* G4RumApp.swift in Sources */,
				84F137EF28D3576D0070B1B0 /* PostCommentViewModel.swift in Sources */,
				5363EA7328D3306900F41B1C /* PostDetailView.swift in Sources */,
				843F8EB328D0A7720068DE9E /* RatingStarsView.swift in Sources */,
				A0E8C8FC28C738B700E0389D /* Comment.swift in Sources */,
				843F8EB728D0A7DF0068DE9E /* PreviewRatingView.swift in Sources */,
				5363EA6228D32A6E00F41B1C /* AddPostViews.swift in Sources */,
				A092255C28CFAD60007EE91C /* GameRatingViewModel.swift in Sources */,
				9F203CA228C9B7EB0028A07F /* LottieView.swift in Sources */,
				843F8EB128D0A73D0068DE9E /* AddRatingView.swift in Sources */,
				5363EA7128D3305400F41B1C /* PostListView.swift in Sources */,
				A027100228CB927200B21397 /* GameListView.swift in Sources */,
				A027100028CB883A00B21397 /* GameRowView.swift in Sources */,
				9F203CA728C9BDB80028A07F /* ColorConstants.swift in Sources */,
				9F203C9E28C763680028A07F /* HomeView.swift in Sources */,
				A0E8C8FE28C7497E00E0389D /* Post.swift in Sources */,
				843F8EAF28D0A7150068DE9E /* RatingRowView.swift in Sources */,
				A073E4F728C903A100166899 /* OnboardingView.swift in Sources */,
				5363EA6628D32BA600F41B1C /* PostCardRowView.swift in Sources */,
			);
			runOnlyForDeploymentPostprocessing = 0;
		};
/* End PBXSourcesBuildPhase section */

/* Begin XCBuildConfiguration section */
		A0A8ED1028C63DF700A6C13D /* Debug */ = {
			isa = XCBuildConfiguration;
			buildSettings = {
				ALWAYS_SEARCH_USER_PATHS = NO;
				CLANG_ANALYZER_NONNULL = YES;
				CLANG_ANALYZER_NUMBER_OBJECT_CONVERSION = YES_AGGRESSIVE;
				CLANG_CXX_LANGUAGE_STANDARD = "gnu++17";
				CLANG_ENABLE_MODULES = YES;
				CLANG_ENABLE_OBJC_ARC = YES;
				CLANG_ENABLE_OBJC_WEAK = YES;
				CLANG_WARN_BLOCK_CAPTURE_AUTORELEASING = YES;
				CLANG_WARN_BOOL_CONVERSION = YES;
				CLANG_WARN_COMMA = YES;
				CLANG_WARN_CONSTANT_CONVERSION = YES;
				CLANG_WARN_DEPRECATED_OBJC_IMPLEMENTATIONS = YES;
				CLANG_WARN_DIRECT_OBJC_ISA_USAGE = YES_ERROR;
				CLANG_WARN_DOCUMENTATION_COMMENTS = YES;
				CLANG_WARN_EMPTY_BODY = YES;
				CLANG_WARN_ENUM_CONVERSION = YES;
				CLANG_WARN_INFINITE_RECURSION = YES;
				CLANG_WARN_INT_CONVERSION = YES;
				CLANG_WARN_NON_LITERAL_NULL_CONVERSION = YES;
				CLANG_WARN_OBJC_IMPLICIT_RETAIN_SELF = YES;
				CLANG_WARN_OBJC_LITERAL_CONVERSION = YES;
				CLANG_WARN_OBJC_ROOT_CLASS = YES_ERROR;
				CLANG_WARN_QUOTED_INCLUDE_IN_FRAMEWORK_HEADER = YES;
				CLANG_WARN_RANGE_LOOP_ANALYSIS = YES;
				CLANG_WARN_STRICT_PROTOTYPES = YES;
				CLANG_WARN_SUSPICIOUS_MOVE = YES;
				CLANG_WARN_UNGUARDED_AVAILABILITY = YES_AGGRESSIVE;
				CLANG_WARN_UNREACHABLE_CODE = YES;
				CLANG_WARN__DUPLICATE_METHOD_MATCH = YES;
				COPY_PHASE_STRIP = NO;
				DEAD_CODE_STRIPPING = NO;
				DEBUG_INFORMATION_FORMAT = dwarf;
				ENABLE_STRICT_OBJC_MSGSEND = YES;
				ENABLE_TESTABILITY = YES;
				GCC_C_LANGUAGE_STANDARD = gnu11;
				GCC_DYNAMIC_NO_PIC = NO;
				GCC_NO_COMMON_BLOCKS = YES;
				GCC_OPTIMIZATION_LEVEL = 0;
				GCC_PREPROCESSOR_DEFINITIONS = (
					"DEBUG=1",
					"$(inherited)",
				);
				GCC_WARN_64_TO_32_BIT_CONVERSION = YES;
				GCC_WARN_ABOUT_RETURN_TYPE = YES_ERROR;
				GCC_WARN_UNDECLARED_SELECTOR = YES;
				GCC_WARN_UNINITIALIZED_AUTOS = YES_AGGRESSIVE;
				GCC_WARN_UNUSED_FUNCTION = YES;
				GCC_WARN_UNUSED_VARIABLE = YES;
				IPHONEOS_DEPLOYMENT_TARGET = 15.5;
				MTL_ENABLE_DEBUG_INFO = INCLUDE_SOURCE;
				MTL_FAST_MATH = YES;
				ONLY_ACTIVE_ARCH = YES;
				SDKROOT = iphoneos;
				SWIFT_ACTIVE_COMPILATION_CONDITIONS = DEBUG;
				SWIFT_OPTIMIZATION_LEVEL = "-Onone";
			};
			name = Debug;
		};
		A0A8ED1128C63DF700A6C13D /* Release */ = {
			isa = XCBuildConfiguration;
			buildSettings = {
				ALWAYS_SEARCH_USER_PATHS = NO;
				CLANG_ANALYZER_NONNULL = YES;
				CLANG_ANALYZER_NUMBER_OBJECT_CONVERSION = YES_AGGRESSIVE;
				CLANG_CXX_LANGUAGE_STANDARD = "gnu++17";
				CLANG_ENABLE_MODULES = YES;
				CLANG_ENABLE_OBJC_ARC = YES;
				CLANG_ENABLE_OBJC_WEAK = YES;
				CLANG_WARN_BLOCK_CAPTURE_AUTORELEASING = YES;
				CLANG_WARN_BOOL_CONVERSION = YES;
				CLANG_WARN_COMMA = YES;
				CLANG_WARN_CONSTANT_CONVERSION = YES;
				CLANG_WARN_DEPRECATED_OBJC_IMPLEMENTATIONS = YES;
				CLANG_WARN_DIRECT_OBJC_ISA_USAGE = YES_ERROR;
				CLANG_WARN_DOCUMENTATION_COMMENTS = YES;
				CLANG_WARN_EMPTY_BODY = YES;
				CLANG_WARN_ENUM_CONVERSION = YES;
				CLANG_WARN_INFINITE_RECURSION = YES;
				CLANG_WARN_INT_CONVERSION = YES;
				CLANG_WARN_NON_LITERAL_NULL_CONVERSION = YES;
				CLANG_WARN_OBJC_IMPLICIT_RETAIN_SELF = YES;
				CLANG_WARN_OBJC_LITERAL_CONVERSION = YES;
				CLANG_WARN_OBJC_ROOT_CLASS = YES_ERROR;
				CLANG_WARN_QUOTED_INCLUDE_IN_FRAMEWORK_HEADER = YES;
				CLANG_WARN_RANGE_LOOP_ANALYSIS = YES;
				CLANG_WARN_STRICT_PROTOTYPES = YES;
				CLANG_WARN_SUSPICIOUS_MOVE = YES;
				CLANG_WARN_UNGUARDED_AVAILABILITY = YES_AGGRESSIVE;
				CLANG_WARN_UNREACHABLE_CODE = YES;
				CLANG_WARN__DUPLICATE_METHOD_MATCH = YES;
				COPY_PHASE_STRIP = NO;
				DEAD_CODE_STRIPPING = NO;
				DEBUG_INFORMATION_FORMAT = "dwarf-with-dsym";
				ENABLE_NS_ASSERTIONS = NO;
				ENABLE_STRICT_OBJC_MSGSEND = YES;
				GCC_C_LANGUAGE_STANDARD = gnu11;
				GCC_NO_COMMON_BLOCKS = YES;
				GCC_WARN_64_TO_32_BIT_CONVERSION = YES;
				GCC_WARN_ABOUT_RETURN_TYPE = YES_ERROR;
				GCC_WARN_UNDECLARED_SELECTOR = YES;
				GCC_WARN_UNINITIALIZED_AUTOS = YES_AGGRESSIVE;
				GCC_WARN_UNUSED_FUNCTION = YES;
				GCC_WARN_UNUSED_VARIABLE = YES;
				IPHONEOS_DEPLOYMENT_TARGET = 15.5;
				MTL_ENABLE_DEBUG_INFO = NO;
				MTL_FAST_MATH = YES;
				SDKROOT = iphoneos;
				SWIFT_COMPILATION_MODE = wholemodule;
				SWIFT_OPTIMIZATION_LEVEL = "-O";
				VALIDATE_PRODUCT = YES;
			};
			name = Release;
		};
		A0A8ED1328C63DF700A6C13D /* Debug */ = {
			isa = XCBuildConfiguration;
			buildSettings = {
				ASSETCATALOG_COMPILER_APPICON_NAME = AppIcon;
				ASSETCATALOG_COMPILER_GLOBAL_ACCENT_COLOR_NAME = AccentColor;
				CODE_SIGN_STYLE = Automatic;
				CURRENT_PROJECT_VERSION = 1;
				DEVELOPMENT_ASSET_PATHS = "\"G4Rum/Preview Content\"";
				ENABLE_PREVIEWS = YES;
				GENERATE_INFOPLIST_FILE = YES;
				INFOPLIST_FILE = G4Rum/Info.plist;
				INFOPLIST_KEY_LSApplicationCategoryType = "";
				INFOPLIST_KEY_UIApplicationSceneManifest_Generation = YES;
				INFOPLIST_KEY_UIApplicationSupportsIndirectInputEvents = YES;
				INFOPLIST_KEY_UILaunchScreen_Generation = YES;
				INFOPLIST_KEY_UISupportedInterfaceOrientations_iPad = "UIInterfaceOrientationPortrait UIInterfaceOrientationPortraitUpsideDown UIInterfaceOrientationLandscapeLeft UIInterfaceOrientationLandscapeRight";
				INFOPLIST_KEY_UISupportedInterfaceOrientations_iPhone = "UIInterfaceOrientationPortrait UIInterfaceOrientationLandscapeLeft UIInterfaceOrientationLandscapeRight";
				LD_RUNPATH_SEARCH_PATHS = (
					"$(inherited)",
					"@executable_path/Frameworks",
				);
				MARKETING_VERSION = 1.0;
				PRODUCT_BUNDLE_IDENTIFIER = com.rmit.vn.G4Rum;
				PRODUCT_NAME = "$(TARGET_NAME)";
				SWIFT_EMIT_LOC_STRINGS = YES;
				SWIFT_VERSION = 5.0;
				TARGETED_DEVICE_FAMILY = "1,2";
			};
			name = Debug;
		};
		A0A8ED1428C63DF700A6C13D /* Release */ = {
			isa = XCBuildConfiguration;
			buildSettings = {
				ASSETCATALOG_COMPILER_APPICON_NAME = AppIcon;
				ASSETCATALOG_COMPILER_GLOBAL_ACCENT_COLOR_NAME = AccentColor;
				CODE_SIGN_STYLE = Automatic;
				CURRENT_PROJECT_VERSION = 1;
				DEVELOPMENT_ASSET_PATHS = "\"G4Rum/Preview Content\"";
				ENABLE_PREVIEWS = YES;
				GENERATE_INFOPLIST_FILE = YES;
				INFOPLIST_FILE = G4Rum/Info.plist;
				INFOPLIST_KEY_LSApplicationCategoryType = "";
				INFOPLIST_KEY_UIApplicationSceneManifest_Generation = YES;
				INFOPLIST_KEY_UIApplicationSupportsIndirectInputEvents = YES;
				INFOPLIST_KEY_UILaunchScreen_Generation = YES;
				INFOPLIST_KEY_UISupportedInterfaceOrientations_iPad = "UIInterfaceOrientationPortrait UIInterfaceOrientationPortraitUpsideDown UIInterfaceOrientationLandscapeLeft UIInterfaceOrientationLandscapeRight";
				INFOPLIST_KEY_UISupportedInterfaceOrientations_iPhone = "UIInterfaceOrientationPortrait UIInterfaceOrientationLandscapeLeft UIInterfaceOrientationLandscapeRight";
				LD_RUNPATH_SEARCH_PATHS = (
					"$(inherited)",
					"@executable_path/Frameworks",
				);
				MARKETING_VERSION = 1.0;
				PRODUCT_BUNDLE_IDENTIFIER = com.rmit.vn.G4Rum;
				PRODUCT_NAME = "$(TARGET_NAME)";
				SWIFT_EMIT_LOC_STRINGS = YES;
				SWIFT_VERSION = 5.0;
				TARGETED_DEVICE_FAMILY = "1,2";
			};
			name = Release;
		};
/* End XCBuildConfiguration section */

/* Begin XCConfigurationList section */
		A0A8ECFF28C63DF200A6C13D /* Build configuration list for PBXProject "G4Rum" */ = {
			isa = XCConfigurationList;
			buildConfigurations = (
				A0A8ED1028C63DF700A6C13D /* Debug */,
				A0A8ED1128C63DF700A6C13D /* Release */,
			);
			defaultConfigurationIsVisible = 0;
			defaultConfigurationName = Release;
		};
		A0A8ED1228C63DF700A6C13D /* Build configuration list for PBXNativeTarget "G4Rum" */ = {
			isa = XCConfigurationList;
			buildConfigurations = (
				A0A8ED1328C63DF700A6C13D /* Debug */,
				A0A8ED1428C63DF700A6C13D /* Release */,
			);
			defaultConfigurationIsVisible = 0;
			defaultConfigurationName = Release;
		};
/* End XCConfigurationList section */

/* Begin XCRemoteSwiftPackageReference section */
		A073E4F228C902F200166899 /* XCRemoteSwiftPackageReference "lottie-ios" */ = {
			isa = XCRemoteSwiftPackageReference;
			repositoryURL = "https://github.com/airbnb/lottie-ios";
			requirement = {
				branch = master;
				kind = branch;
			};
		};
		A0A8ED1728C6478B00A6C13D /* XCRemoteSwiftPackageReference "firebase-ios-sdk" */ = {
			isa = XCRemoteSwiftPackageReference;
			repositoryURL = "https://github.com/firebase/firebase-ios-sdk";
			requirement = {
				branch = master;
				kind = branch;
			};
		};
/* End XCRemoteSwiftPackageReference section */

/* Begin XCSwiftPackageProductDependency section */
		A073E4F328C902F200166899 /* Lottie */ = {
			isa = XCSwiftPackageProductDependency;
			package = A073E4F228C902F200166899 /* XCRemoteSwiftPackageReference "lottie-ios" */;
			productName = Lottie;
		};
		A0A8ED1828C6478B00A6C13D /* FirebaseAuth */ = {
			isa = XCSwiftPackageProductDependency;
			package = A0A8ED1728C6478B00A6C13D /* XCRemoteSwiftPackageReference "firebase-ios-sdk" */;
			productName = FirebaseAuth;
		};
		A0A8ED1A28C6478B00A6C13D /* FirebaseFirestore */ = {
			isa = XCSwiftPackageProductDependency;
			package = A0A8ED1728C6478B00A6C13D /* XCRemoteSwiftPackageReference "firebase-ios-sdk" */;
			productName = FirebaseFirestore;
		};
		A0A8ED1C28C6478B00A6C13D /* FirebaseFirestoreSwift */ = {
			isa = XCSwiftPackageProductDependency;
			package = A0A8ED1728C6478B00A6C13D /* XCRemoteSwiftPackageReference "firebase-ios-sdk" */;
			productName = FirebaseFirestoreSwift;
		};
/* End XCSwiftPackageProductDependency section */
	};
	rootObject = A0A8ECFC28C63DF200A6C13D /* Project object */;
}
